// !$*UTF8*$!
{
	archiveVersion = 1;
	classes = {
	};
	objectVersion = 46;
	objects = {

/* Begin PBXBuildFile section */
		526F385A1CF2D28600E5D57D /* main.m in Sources */ = {isa = PBXBuildFile; fileRef = 526F38591CF2D28600E5D57D /* main.m */; };
		526F385D1CF2D28600E5D57D /* AppDelegate.m in Sources */ = {isa = PBXBuildFile; fileRef = 526F385C1CF2D28600E5D57D /* AppDelegate.m */; };
		526F38601CF2D28600E5D57D /* ViewController.m in Sources */ = {isa = PBXBuildFile; fileRef = 526F385F1CF2D28600E5D57D /* ViewController.m */; };
		526F38631CF2D28600E5D57D /* Main.storyboard in Resources */ = {isa = PBXBuildFile; fileRef = 526F38611CF2D28600E5D57D /* Main.storyboard */; };
		526F38651CF2D28600E5D57D /* Assets.xcassets in Resources */ = {isa = PBXBuildFile; fileRef = 526F38641CF2D28600E5D57D /* Assets.xcassets */; };
		526F38681CF2D28600E5D57D /* LaunchScreen.storyboard in Resources */ = {isa = PBXBuildFile; fileRef = 526F38661CF2D28600E5D57D /* LaunchScreen.storyboard */; };
		526F38741CF2D33F00E5D57D /* DTCollectionViewCellMover.m in Sources */ = {isa = PBXBuildFile; fileRef = 526F38731CF2D33F00E5D57D /* DTCollectionViewCellMover.m */; };
		526F38781CF2D66A00E5D57D /* UICollectionView+CellMover.m in Sources */ = {isa = PBXBuildFile; fileRef = 526F38771CF2D66A00E5D57D /* UICollectionView+CellMover.m */; };
		526F387B1CF2E0A100E5D57D /* DTCollectionViewCell.m in Sources */ = {isa = PBXBuildFile; fileRef = 526F387A1CF2E0A100E5D57D /* DTCollectionViewCell.m */; };
		526F387D1CF2E2AF00E5D57D /* CellData.plist in Resources */ = {isa = PBXBuildFile; fileRef = 526F387C1CF2E2AF00E5D57D /* CellData.plist */; };
		526F387F1CF2E37900E5D57D /* DTCategories.framework in Frameworks */ = {isa = PBXBuildFile; fileRef = 526F387E1CF2E37900E5D57D /* DTCategories.framework */; };
/* End PBXBuildFile section */

/* Begin PBXFileReference section */
		526F38551CF2D28600E5D57D /* CollectionViewMoveCellDemo.app */ = {isa = PBXFileReference; explicitFileType = wrapper.application; includeInIndex = 0; path = CollectionViewMoveCellDemo.app; sourceTree = BUILT_PRODUCTS_DIR; };
		526F38591CF2D28600E5D57D /* main.m */ = {isa = PBXFileReference; lastKnownFileType = sourcecode.c.objc; path = main.m; sourceTree = "<group>"; };
		526F385B1CF2D28600E5D57D /* AppDelegate.h */ = {isa = PBXFileReference; lastKnownFileType = sourcecode.c.h; path = AppDelegate.h; sourceTree = "<group>"; };
		526F385C1CF2D28600E5D57D /* AppDelegate.m */ = {isa = PBXFileReference; lastKnownFileType = sourcecode.c.objc; path = AppDelegate.m; sourceTree = "<group>"; };
		526F385E1CF2D28600E5D57D /* ViewController.h */ = {isa = PBXFileReference; lastKnownFileType = sourcecode.c.h; path = ViewController.h; sourceTree = "<group>"; };
		526F385F1CF2D28600E5D57D /* ViewController.m */ = {isa = PBXFileReference; lastKnownFileType = sourcecode.c.objc; path = ViewController.m; sourceTree = "<group>"; };
		526F38621CF2D28600E5D57D /* Base */ = {isa = PBXFileReference; lastKnownFileType = file.storyboard; name = Base; path = Base.lproj/Main.storyboard; sourceTree = "<group>"; };
		526F38641CF2D28600E5D57D /* Assets.xcassets */ = {isa = PBXFileReference; lastKnownFileType = folder.assetcatalog; path = Assets.xcassets; sourceTree = "<group>"; };
		526F38671CF2D28600E5D57D /* Base */ = {isa = PBXFileReference; lastKnownFileType = file.storyboard; name = Base; path = Base.lproj/LaunchScreen.storyboard; sourceTree = "<group>"; };
		526F38691CF2D28600E5D57D /* Info.plist */ = {isa = PBXFileReference; lastKnownFileType = text.plist.xml; path = Info.plist; sourceTree = "<group>"; };
		526F38721CF2D33F00E5D57D /* DTCollectionViewCellMover.h */ = {isa = PBXFileReference; fileEncoding = 4; lastKnownFileType = sourcecode.c.h; path = DTCollectionViewCellMover.h; sourceTree = "<group>"; };
		526F38731CF2D33F00E5D57D /* DTCollectionViewCellMover.m */ = {isa = PBXFileReference; fileEncoding = 4; lastKnownFileType = sourcecode.c.objc; path = DTCollectionViewCellMover.m; sourceTree = "<group>"; };
		526F38761CF2D66A00E5D57D /* UICollectionView+CellMover.h */ = {isa = PBXFileReference; fileEncoding = 4; lastKnownFileType = sourcecode.c.h; path = "UICollectionView+CellMover.h"; sourceTree = "<group>"; };
		526F38771CF2D66A00E5D57D /* UICollectionView+CellMover.m */ = {isa = PBXFileReference; fileEncoding = 4; lastKnownFileType = sourcecode.c.objc; path = "UICollectionView+CellMover.m"; sourceTree = "<group>"; };
		526F38791CF2E0A100E5D57D /* DTCollectionViewCell.h */ = {isa = PBXFileReference; fileEncoding = 4; lastKnownFileType = sourcecode.c.h; path = DTCollectionViewCell.h; sourceTree = "<group>"; };
		526F387A1CF2E0A100E5D57D /* DTCollectionViewCell.m */ = {isa = PBXFileReference; fileEncoding = 4; lastKnownFileType = sourcecode.c.objc; path = DTCollectionViewCell.m; sourceTree = "<group>"; };
		526F387C1CF2E2AF00E5D57D /* CellData.plist */ = {isa = PBXFileReference; fileEncoding = 4; lastKnownFileType = text.plist.xml; path = CellData.plist; sourceTree = "<group>"; };
		526F387E1CF2E37900E5D57D /* DTCategories.framework */ = {isa = PBXFileReference; lastKnownFileType = wrapper.framework; path = DTCategories.framework; sourceTree = "<group>"; };
/* End PBXFileReference section */

/* Begin PBXFrameworksBuildPhase section */
		526F38521CF2D28600E5D57D /* Frameworks */ = {
			isa = PBXFrameworksBuildPhase;
			buildActionMask = 2147483647;
			files = (
				526F387F1CF2E37900E5D57D /* DTCategories.framework in Frameworks */,
			);
			runOnlyForDeploymentPostprocessing = 0;
		};
/* End PBXFrameworksBuildPhase section */

/* Begin PBXGroup section */
		526F384C1CF2D28600E5D57D = {
			isa = PBXGroup;
			children = (
				526F387E1CF2E37900E5D57D /* DTCategories.framework */,
				526F38571CF2D28600E5D57D /* CollectionViewMoveCellDemo */,
				526F38561CF2D28600E5D57D /* Products */,
			);
			sourceTree = "<group>";
		};
		526F38561CF2D28600E5D57D /* Products */ = {
			isa = PBXGroup;
			children = (
				526F38551CF2D28600E5D57D /* CollectionViewMoveCellDemo.app */,
			);
			name = Products;
			sourceTree = "<group>";
		};
		526F38571CF2D28600E5D57D /* CollectionViewMoveCellDemo */ = {
			isa = PBXGroup;
			children = (
				526F385B1CF2D28600E5D57D /* AppDelegate.h */,
				526F385C1CF2D28600E5D57D /* AppDelegate.m */,
				526F385E1CF2D28600E5D57D /* ViewController.h */,
				526F385F1CF2D28600E5D57D /* ViewController.m */,
				526F38791CF2E0A100E5D57D /* DTCollectionViewCell.h */,
				526F387A1CF2E0A100E5D57D /* DTCollectionViewCell.m */,
				526F38751CF2D63700E5D57D /* DTCollectionViewCellMover */,
				526F38611CF2D28600E5D57D /* Main.storyboard */,
				526F38641CF2D28600E5D57D /* Assets.xcassets */,
				526F38661CF2D28600E5D57D /* LaunchScreen.storyboard */,
				526F38691CF2D28600E5D57D /* Info.plist */,
				526F38581CF2D28600E5D57D /* Supporting Files */,
				526F387C1CF2E2AF00E5D57D /* CellData.plist */,
			);
			path = CollectionViewMoveCellDemo;
			sourceTree = "<group>";
		};
		526F38581CF2D28600E5D57D /* Supporting Files */ = {
			isa = PBXGroup;
			children = (
				526F38591CF2D28600E5D57D /* main.m */,
			);
			name = "Supporting Files";
			sourceTree = "<group>";
		};
		526F38751CF2D63700E5D57D /* DTCollectionViewCellMover */ = {
			isa = PBXGroup;
			children = (
				526F38721CF2D33F00E5D57D /* DTCollectionViewCellMover.h */,
				526F38731CF2D33F00E5D57D /* DTCollectionViewCellMover.m */,
				526F38761CF2D66A00E5D57D /* UICollectionView+CellMover.h */,
				526F38771CF2D66A00E5D57D /* UICollectionView+CellMover.m */,
			);
			name = DTCollectionViewCellMover;
			path = ../DTCollectionViewCellMover;
			sourceTree = "<group>";
		};
/* End PBXGroup section */

/* Begin PBXNativeTarget section */
		526F38541CF2D28600E5D57D /* CollectionViewMoveCellDemo */ = {
			isa = PBXNativeTarget;
			buildConfigurationList = 526F386C1CF2D28600E5D57D /* Build configuration list for PBXNativeTarget "CollectionViewMoveCellDemo" */;
			buildPhases = (
				526F38511CF2D28600E5D57D /* Sources */,
				526F38521CF2D28600E5D57D /* Frameworks */,
				526F38531CF2D28600E5D57D /* Resources */,
			);
			buildRules = (
			);
			dependencies = (
			);
			name = CollectionViewMoveCellDemo;
			productName = CollectionViewMoveCellDemo;
			productReference = 526F38551CF2D28600E5D57D /* CollectionViewMoveCellDemo.app */;
			productType = "com.apple.product-type.application";
		};
/* End PBXNativeTarget section */

/* Begin PBXProject section */
		526F384D1CF2D28600E5D57D /* Project object */ = {
			isa = PBXProject;
			attributes = {
				CLASSPREFIX = DT;
				LastUpgradeCheck = 0730;
				ORGANIZATIONNAME = Darktt;
				TargetAttributes = {
					526F38541CF2D28600E5D57D = {
						CreatedOnToolsVersion = 7.3.1;
						DevelopmentTeam = FB3JLE8VZY;
					};
				};
			};
			buildConfigurationList = 526F38501CF2D28600E5D57D /* Build configuration list for PBXProject "CollectionViewMoveCellDemo" */;
			compatibilityVersion = "Xcode 3.2";
			developmentRegion = English;
			hasScannedForEncodings = 0;
			knownRegions = (
				en,
				Base,
			);
			mainGroup = 526F384C1CF2D28600E5D57D;
			productRefGroup = 526F38561CF2D28600E5D57D /* Products */;
			projectDirPath = "";
			projectRoot = "";
			targets = (
				526F38541CF2D28600E5D57D /* CollectionViewMoveCellDemo */,
			);
		};
/* End PBXProject section */

/* Begin PBXResourcesBuildPhase section */
		526F38531CF2D28600E5D57D /* Resources */ = {
			isa = PBXResourcesBuildPhase;
			buildActionMask = 2147483647;
			files = (
				526F38681CF2D28600E5D57D /* LaunchScreen.storyboard in Resources */,
				526F38651CF2D28600E5D57D /* Assets.xcassets in Resources */,
				526F387D1CF2E2AF00E5D57D /* CellData.plist in Resources */,
				526F38631CF2D28600E5D57D /* Main.storyboard in Resources */,
			);
			runOnlyForDeploymentPostprocessing = 0;
		};
/* End PBXResourcesBuildPhase section */

/* Begin PBXSourcesBuildPhase section */
		526F38511CF2D28600E5D57D /* Sources */ = {
			isa = PBXSourcesBuildPhase;
			buildActionMask = 2147483647;
			files = (
				526F38781CF2D66A00E5D57D /* UICollectionView+CellMover.m in Sources */,
				526F38601CF2D28600E5D57D /* ViewController.m in Sources */,
				526F387B1CF2E0A100E5D57D /* DTCollectionViewCell.m in Sources */,
				526F385D1CF2D28600E5D57D /* AppDelegate.m in Sources */,
				526F38741CF2D33F00E5D57D /* DTCollectionViewCellMover.m in Sources */,
				526F385A1CF2D28600E5D57D /* main.m in Sources */,
			);
			runOnlyForDeploymentPostprocessing = 0;
		};
/* End PBXSourcesBuildPhase section */

/* Begin PBXVariantGroup section */
		526F38611CF2D28600E5D57D /* Main.storyboard */ = {
			isa = PBXVariantGroup;
			children = (
				526F38621CF2D28600E5D57D /* Base */,
			);
			name = Main.storyboard;
			sourceTree = "<group>";
		};
		526F38661CF2D28600E5D57D /* LaunchScreen.storyboard */ = {
			isa = PBXVariantGroup;
			children = (
				526F38671CF2D28600E5D57D /* Base */,
			);
			name = LaunchScreen.storyboard;
			sourceTree = "<group>";
		};
/* End PBXVariantGroup section */

/* Begin XCBuildConfiguration section */
		526F386A1CF2D28600E5D57D /* Debug */ = {
			isa = XCBuildConfiguration;
			buildSettings = {
				ALWAYS_SEARCH_USER_PATHS = NO;
				CLANG_ANALYZER_NONNULL = YES;
				CLANG_CXX_LANGUAGE_STANDARD = "gnu++0x";
				CLANG_CXX_LIBRARY = "libc++";
				CLANG_ENABLE_MODULES = YES;
				CLANG_ENABLE_OBJC_ARC = YES;
				CLANG_WARN_BOOL_CONVERSION = YES;
				CLANG_WARN_CONSTANT_CONVERSION = YES;
				CLANG_WARN_DIRECT_OBJC_ISA_USAGE = YES_ERROR;
				CLANG_WARN_EMPTY_BODY = YES;
				CLANG_WARN_ENUM_CONVERSION = YES;
				CLANG_WARN_INT_CONVERSION = YES;
				CLANG_WARN_OBJC_ROOT_CLASS = YES_ERROR;
				CLANG_WARN_UNREACHABLE_CODE = YES;
				CLANG_WARN__DUPLICATE_METHOD_MATCH = YES;
				"CODE_SIGN_IDENTITY[sdk=iphoneos*]" = "iPhone Developer";
				COPY_PHASE_STRIP = NO;
				DEBUG_INFORMATION_FORMAT = dwarf;
				ENABLE_STRICT_OBJC_MSGSEND = YES;
				ENABLE_TESTABILITY = YES;
				GCC_C_LANGUAGE_STANDARD = gnu99;
				GCC_DYNAMIC_NO_PIC = NO;
				GCC_NO_COMMON_BLOCKS = YES;
				GCC_OPTIMIZATION_LEVEL = 0;
				GCC_PREPROCESSOR_DEFINITIONS = (
					"DEBUG=1",
					"$(inherited)",
				);
				GCC_WARN_64_TO_32_BIT_CONVERSION = YES;
				GCC_WARN_ABOUT_RETURN_TYPE = YES_ERROR;
				GCC_WARN_UNDECLARED_SELECTOR = YES;
				GCC_WARN_UNINITIALIZED_AUTOS = YES_AGGRESSIVE;
				GCC_WARN_UNUSED_FUNCTION = YES;
				GCC_WARN_UNUSED_VARIABLE = YES;
				IPHONEOS_DEPLOYMENT_TARGET = 9.3;
				MTL_ENABLE_DEBUG_INFO = YES;
				ONLY_ACTIVE_ARCH = YES;
				SDKROOT = iphoneos;
				TARGETED_DEVICE_FAMILY = 2;
			};
			name = Debug;
		};
		526F386B1CF2D28600E5D57D /* Release */ = {
			isa = XCBuildConfiguration;
			buildSettings = {
				ALWAYS_SEARCH_USER_PATHS = NO;
				CLANG_ANALYZER_NONNULL = YES;
				CLANG_CXX_LANGUAGE_STANDARD = "gnu++0x";
				CLANG_CXX_LIBRARY = "libc++";
				CLANG_ENABLE_MODULES = YES;
				CLANG_ENABLE_OBJC_ARC = YES;
				CLANG_WARN_BOOL_CONVERSION = YES;
				CLANG_WARN_CONSTANT_CONVERSION = YES;
				CLANG_WARN_DIRECT_OBJC_ISA_USAGE = YES_ERROR;
				CLANG_WARN_EMPTY_BODY = YES;
				CLANG_WARN_ENUM_CONVERSION = YES;
				CLANG_WARN_INT_CONVERSION = YES;
				CLANG_WARN_OBJC_ROOT_CLASS = YES_ERROR;
				CLANG_WARN_UNREACHABLE_CODE = YES;
				CLANG_WARN__DUPLICATE_METHOD_MATCH = YES;
				"CODE_SIGN_IDENTITY[sdk=iphoneos*]" = "iPhone Developer";
				COPY_PHASE_STRIP = NO;
				DEBUG_INFORMATION_FORMAT = "dwarf-with-dsym";
				ENABLE_NS_ASSERTIONS = NO;
				ENABLE_STRICT_OBJC_MSGSEND = YES;
				GCC_C_LANGUAGE_STANDARD = gnu99;
				GCC_NO_COMMON_BLOCKS = YES;
				GCC_WARN_64_TO_32_BIT_CONVERSION = YES;
				GCC_WARN_ABOUT_RETURN_TYPE = YES_ERROR;
				GCC_WARN_UNDECLARED_SELECTOR = YES;
				GCC_WARN_UNINITIALIZED_AUTOS = YES_AGGRESSIVE;
				GCC_WARN_UNUSED_FUNCTION = YES;
				GCC_WARN_UNUSED_VARIABLE = YES;
				IPHONEOS_DEPLOYMENT_TARGET = 9.3;
				MTL_ENABLE_DEBUG_INFO = NO;
				SDKROOT = iphoneos;
				TARGETED_DEVICE_FAMILY = 2;
				VALIDATE_PRODUCT = YES;
			};
			name = Release;
		};
		526F386D1CF2D28600E5D57D /* Debug */ = {
			isa = XCBuildConfiguration;
			buildSettings = {
				ASSETCATALOG_COMPILER_APPICON_NAME = AppIcon;
				CLANG_ENABLE_OBJC_ARC = NO;
				DEVELOPMENT_TEAM = FB3JLE8VZY;
				FRAMEWORK_SEARCH_PATHS = (
					"$(inherited)",
					"$(PROJECT_DIR)",
				);
				INFOPLIST_FILE = CollectionViewMoveCellDemo/Info.plist;
				LD_RUNPATH_SEARCH_PATHS = "$(inherited) @executable_path/Frameworks";
				OTHER_LDFLAGS = "-ObjC";
				PRODUCT_BUNDLE_IDENTIFIER = tw.darktt.CollectionViewMoveCellDemo;
				PRODUCT_NAME = "$(TARGET_NAME)";
				TARGETED_DEVICE_FAMILY = 1;
			};
			name = Debug;
		};
		526F386E1CF2D28600E5D57D /* Release */ = {
			isa = XCBuildConfiguration;
			buildSettings = {
				ASSETCATALOG_COMPILER_APPICON_NAME = AppIcon;
				CLANG_ENABLE_OBJC_ARC = NO;
				DEVELOPMENT_TEAM = FB3JLE8VZY;
				FRAMEWORK_SEARCH_PATHS = (
					"$(inherited)",
					"$(PROJECT_DIR)",
				);
				INFOPLIST_FILE = CollectionViewMoveCellDemo/Info.plist;
				LD_RUNPATH_SEARCH_PATHS = "$(inherited) @executable_path/Frameworks";
				OTHER_LDFLAGS = "-ObjC";
				PRODUCT_BUNDLE_IDENTIFIER = tw.darktt.CollectionViewMoveCellDemo;
				PRODUCT_NAME = "$(TARGET_NAME)";
				TARGETED_DEVICE_FAMILY = 1;
			};
			name = Release;
		};
/* End XCBuildConfiguration section */

/* Begin XCConfigurationList section */
		526F38501CF2D28600E5D57D /* Build configuration list for PBXProject "CollectionViewMoveCellDemo" */ = {
			isa = XCConfigurationList;
			buildConfigurations = (
				526F386A1CF2D28600E5D57D /* Debug */,
				526F386B1CF2D28600E5D57D /* Release */,
			);
			defaultConfigurationIsVisible = 0;
			defaultConfigurationName = Release;
		};
		526F386C1CF2D28600E5D57D /* Build configuration list for PBXNativeTarget "CollectionViewMoveCellDemo" */ = {
			isa = XCConfigurationList;
			buildConfigurations = (
				526F386D1CF2D28600E5D57D /* Debug */,
				526F386E1CF2D28600E5D57D /* Release */,
			);
			defaultConfigurationIsVisible = 0;
			defaultConfigurationName = Release;
		};
/* End XCConfigurationList section */
	};
	rootObject = 526F384D1CF2D28600E5D57D /* Project object */;
}
